
Microsoft Visual Studio Solution File, Format Version 12.00
# Visual Studio Version 17
VisualStudioVersion = 17.13.35828.75 d17.13
MinimumVisualStudioVersion = 10.0.40219.1
Project("{FAE04EC0-301F-11D3-BF4B-00C04F79EFBC}") = "Weather App", "Weather App\Weather App.csproj", "{E8AF04B0-FEDC-45EC-880F-D7AEA1705616}"
EndProject
Global
	GlobalSection(SolutionConfigurationPlatforms) = preSolution
		Debug|Any CPU = Debug|Any CPU
		Release|Any CPU = Release|Any CPU
	EndGlobalSection
	GlobalSection(ProjectConfigurationPlatforms) = postSolution
		{E8AF04B0-FEDC-45EC-880F-D7AEA1705616}.Debug|Any CPU.ActiveCfg = Debug|Any CPU
		{E8AF04B0-FEDC-45EC-880F-D7AEA1705616}.Debug|Any CPU.Build.0 = Debug|Any CPU
		{E8AF04B0-FEDC-45EC-880F-D7AEA1705616}.Release|Any CPU.ActiveCfg = Release|Any CPU
		{E8AF04B0-FEDC-45EC-880F-D7AEA1705616}.Release|Any CPU.Build.0 = Release|Any CPU
	EndGlobalSection
	GlobalSection(SolutionProperties) = preSolution
		HideSolutionNode = FALSE
	EndGlobalSection
	GlobalSection(ExtensibilityGlobals) = postSolution
		SolutionGuid = {8F34491A-4C43-4D75-BD0C-8D6094C71371}
	EndGlobalSection
EndGlobal
